
Microsoft Visual Studio Solution File, Format Version 12.00
Project("{FAE04EC0-301F-11D3-BF4B-00C04F79EFBC}") = "WebRtcTestDemo.Server", "WebRtcTestDemo.Server\WebRtcTestDemo.Server.csproj", "{4D1D0C1E-0B20-4800-A862-5B025881D2F4}"
EndProject
Project("{FAE04EC0-301F-11D3-BF4B-00C04F79EFBC}") = "WebRtcTestDemo.Client", "WebRtcTestDemo.Client\WebRtcTestDemo.Client.csproj", "{913B5677-621B-4731-A407-B332A5147965}"
EndProject
Project("{FAE04EC0-301F-11D3-BF4B-00C04F79EFBC}") = "WebRtcTestDemo.Common", "WebRtcTestDemo.Common\WebRtcTestDemo.Common.csproj", "{3FF11C07-0484-4A1E-8A4A-C7E26BD53D49}"
EndProject
Global
	GlobalSection(SolutionConfigurationPlatforms) = preSolution
		Debug|Any CPU = Debug|Any CPU
		Release|Any CPU = Release|Any CPU
	EndGlobalSection
	GlobalSection(ProjectConfigurationPlatforms) = postSolution
		{4D1D0C1E-0B20-4800-A862-5B025881D2F4}.Debug|Any CPU.ActiveCfg = Debug|Any CPU
		{4D1D0C1E-0B20-4800-A862-5B025881D2F4}.Debug|Any CPU.Build.0 = Debug|Any CPU
		{4D1D0C1E-0B20-4800-A862-5B025881D2F4}.Release|Any CPU.ActiveCfg = Release|Any CPU
		{4D1D0C1E-0B20-4800-A862-5B025881D2F4}.Release|Any CPU.Build.0 = Release|Any CPU
		{913B5677-621B-4731-A407-B332A5147965}.Debug|Any CPU.ActiveCfg = Debug|Any CPU
		{913B5677-621B-4731-A407-B332A5147965}.Debug|Any CPU.Build.0 = Debug|Any CPU
		{913B5677-621B-4731-A407-B332A5147965}.Release|Any CPU.ActiveCfg = Release|Any CPU
		{913B5677-621B-4731-A407-B332A5147965}.Release|Any CPU.Build.0 = Release|Any CPU
		{3FF11C07-0484-4A1E-8A4A-C7E26BD53D49}.Debug|Any CPU.ActiveCfg = Debug|Any CPU
		{3FF11C07-0484-4A1E-8A4A-C7E26BD53D49}.Debug|Any CPU.Build.0 = Debug|Any CPU
		{3FF11C07-0484-4A1E-8A4A-C7E26BD53D49}.Release|Any CPU.ActiveCfg = Release|Any CPU
		{3FF11C07-0484-4A1E-8A4A-C7E26BD53D49}.Release|Any CPU.Build.0 = Release|Any CPU
	EndGlobalSection
EndGlobal
